{
  "nodes": {
    "d2b": {
      "flake": false,
      "locked": {
        "lastModified": 1784184257,
        "narHash": "sha256-/9uWTwP4wTSz5L3/+qfK4/96NHDhy61Pjg5YdeIlYCw=",
        "owner": "vicondoa",
        "repo": "d2b",
        "rev": "9183b45c6505cfd496e5d537bf6376f884fb16c7",
        "type": "github"
      },
      "original": {
        "owner": "vicondoa",
        "repo": "d2b",
        "rev": "9183b45c6505cfd496e5d537bf6376f884fb16c7",
        "type": "github"
      }
    },
    "nixpkgs": {
      "locked": {
        "lastModified": 1784120854,
        "narHash": "sha256-KesHgItiZPgGX740axSiQLcIQ8D24MDqNpkKYWIek8k=",
        "owner": "NixOS",
        "repo": "nixpkgs",
        "rev": "753cc8a3a87467296ddd1fa93f0cc3e81120ee46",
        "type": "github"
      },
      "original": {
        "owner": "NixOS",
        "ref": "nixos-unstable",
        "repo": "nixpkgs",
        "type": "github"
      }
    },
    "root": {
      "inputs": {
        "d2b": "d2b",
        "nixpkgs": "nixpkgs"
      }
    }
  },
  "root": "root",
  "version": 7
}
